
Microsoft Visual Studio Solution File, Format Version 12.00
# Visual Studio 2013
VisualStudioVersion = 12.0.31101.0
MinimumVisualStudioVersion = 10.0.40219.1
Project("{FAE04EC0-301F-11D3-BF4B-00C04F79EFBC}") = "taka3", "taka3\taka3.csproj", "{6786D50B-47B9-4FF2-AC61-3DDFE95BB6C8}"
EndProject
Project("{FAE04EC0-301F-11D3-BF4B-00C04F79EFBC}") = "taka3.Tests", "taka3.Tests\taka3.Tests.csproj", "{12ADA62F-5D66-43B1-AEBF-0FAE54E6D14F}"
EndProject
Global
	GlobalSection(SolutionConfigurationPlatforms) = preSolution
		Debug|Any CPU = Debug|Any CPU
		Release|Any CPU = Release|Any CPU
	EndGlobalSection
	GlobalSection(ProjectConfigurationPlatforms) = postSolution
		{6786D50B-47B9-4FF2-AC61-3DDFE95BB6C8}.Debug|Any CPU.ActiveCfg = Debug|Any CPU
		{6786D50B-47B9-4FF2-AC61-3DDFE95BB6C8}.Debug|Any CPU.Build.0 = Debug|Any CPU
		{6786D50B-47B9-4FF2-AC61-3DDFE95BB6C8}.Release|Any CPU.ActiveCfg = Release|Any CPU
		{6786D50B-47B9-4FF2-AC61-3DDFE95BB6C8}.Release|Any CPU.Build.0 = Release|Any CPU
		{12ADA62F-5D66-43B1-AEBF-0FAE54E6D14F}.Debug|Any CPU.ActiveCfg = Debug|Any CPU
		{12ADA62F-5D66-43B1-AEBF-0FAE54E6D14F}.Debug|Any CPU.Build.0 = Debug|Any CPU
		{12ADA62F-5D66-43B1-AEBF-0FAE54E6D14F}.Release|Any CPU.ActiveCfg = Release|Any CPU
		{12ADA62F-5D66-43B1-AEBF-0FAE54E6D14F}.Release|Any CPU.Build.0 = Release|Any CPU
	EndGlobalSection
	GlobalSection(SolutionProperties) = preSolution
		HideSolutionNode = FALSE
	EndGlobalSection
EndGlobal
